// !$*UTF8*$!
{
	archiveVersion = 1;
	classes = {
	};
	objectVersion = 51;
	objects = {

/* Begin PBXBuildFile section */
		41EF4582268B75C4003AF534 /* Tests_iOS.swift in Sources */ = {isa = PBXBuildFile; fileRef = 41EF4581268B75C4003AF534 /* Tests_iOS.swift */; };
		41EF458D268B75C5003AF534 /* Tests_macOS.swift in Sources */ = {isa = PBXBuildFile; fileRef = 41EF458C268B75C5003AF534 /* Tests_macOS.swift */; };
		41EF458F268B75C5003AF534 /* TheNewsApp.swift in Sources */ = {isa = PBXBuildFile; fileRef = 41EF4566268B75C2003AF534 /* TheNewsApp.swift */; };
		41EF4590268B75C5003AF534 /* TheNewsApp.swift in Sources */ = {isa = PBXBuildFile; fileRef = 41EF4566268B75C2003AF534 /* TheNewsApp.swift */; };
		41EF4591268B75C5003AF534 /* ContentView.swift in Sources */ = {isa = PBXBuildFile; fileRef = 41EF4567268B75C2003AF534 /* ContentView.swift */; };
		41EF4592268B75C5003AF534 /* ContentView.swift in Sources */ = {isa = PBXBuildFile; fileRef = 41EF4567268B75C2003AF534 /* ContentView.swift */; };
		41EF4593268B75C5003AF534 /* Assets.xcassets in Resources */ = {isa = PBXBuildFile; fileRef = 41EF4568268B75C4003AF534 /* Assets.xcassets */; };
		41EF4594268B75C5003AF534 /* Assets.xcassets in Resources */ = {isa = PBXBuildFile; fileRef = 41EF4568268B75C4003AF534 /* Assets.xcassets */; };
		41EF45A7268B7AEA003AF534 /* Enclosure.swift in Sources */ = {isa = PBXBuildFile; fileRef = 41EF45A6268B7AEA003AF534 /* Enclosure.swift */; };
		41EF45A8268B7AEA003AF534 /* Enclosure.swift in Sources */ = {isa = PBXBuildFile; fileRef = 41EF45A6268B7AEA003AF534 /* Enclosure.swift */; };
		41EF45A9268B7AEA003AF534 /* Enclosure.swift in Sources */ = {isa = PBXBuildFile; fileRef = 41EF45A6268B7AEA003AF534 /* Enclosure.swift */; };
		41EF45AA268B7AEA003AF534 /* Enclosure.swift in Sources */ = {isa = PBXBuildFile; fileRef = 41EF45A6268B7AEA003AF534 /* Enclosure.swift */; };
		41EF45AC268B7B2D003AF534 /* Feed.swift in Sources */ = {isa = PBXBuildFile; fileRef = 41EF45AB268B7B2D003AF534 /* Feed.swift */; };
		41EF45AD268B7B2D003AF534 /* Feed.swift in Sources */ = {isa = PBXBuildFile; fileRef = 41EF45AB268B7B2D003AF534 /* Feed.swift */; };
		41EF45AE268B7B2D003AF534 /* Feed.swift in Sources */ = {isa = PBXBuildFile; fileRef = 41EF45AB268B7B2D003AF534 /* Feed.swift */; };
		41EF45AF268B7B2D003AF534 /* Feed.swift in Sources */ = {isa = PBXBuildFile; fileRef = 41EF45AB268B7B2D003AF534 /* Feed.swift */; };
		41EF45B1268B7B3D003AF534 /* Items.swift in Sources */ = {isa = PBXBuildFile; fileRef = 41EF45B0268B7B3D003AF534 /* Items.swift */; };
		41EF45B2268B7B3D003AF534 /* Items.swift in Sources */ = {isa = PBXBuildFile; fileRef = 41EF45B0268B7B3D003AF534 /* Items.swift */; };
		41EF45B3268B7B3D003AF534 /* Items.swift in Sources */ = {isa = PBXBuildFile; fileRef = 41EF45B0268B7B3D003AF534 /* Items.swift */; };
		41EF45B4268B7B3D003AF534 /* Items.swift in Sources */ = {isa = PBXBuildFile; fileRef = 41EF45B0268B7B3D003AF534 /* Items.swift */; };
		41EF45B6268B7B51003AF534 /* NewsResponse.swift in Sources */ = {isa = PBXBuildFile; fileRef = 41EF45B5268B7B51003AF534 /* NewsResponse.swift */; };
		41EF45B7268B7B51003AF534 /* NewsResponse.swift in Sources */ = {isa = PBXBuildFile; fileRef = 41EF45B5268B7B51003AF534 /* NewsResponse.swift */; };
		41EF45B8268B7B51003AF534 /* NewsResponse.swift in Sources */ = {isa = PBXBuildFile; fileRef = 41EF45B5268B7B51003AF534 /* NewsResponse.swift */; };
		41EF45B9268B7B51003AF534 /* NewsResponse.swift in Sources */ = {isa = PBXBuildFile; fileRef = 41EF45B5268B7B51003AF534 /* NewsResponse.swift */; };
		41EF45BB268B7B75003AF534 /* ItemsList.swift in Sources */ = {isa = PBXBuildFile; fileRef = 41EF45BA268B7B75003AF534 /* ItemsList.swift */; };
		41EF45BC268B7B75003AF534 /* ItemsList.swift in Sources */ = {isa = PBXBuildFile; fileRef = 41EF45BA268B7B75003AF534 /* ItemsList.swift */; };
		41EF45BD268B7B75003AF534 /* ItemsList.swift in Sources */ = {isa = PBXBuildFile; fileRef = 41EF45BA268B7B75003AF534 /* ItemsList.swift */; };
		41EF45BE268B7B75003AF534 /* ItemsList.swift in Sources */ = {isa = PBXBuildFile; fileRef = 41EF45BA268B7B75003AF534 /* ItemsList.swift */; };
		41EF45C0268B7BC4003AF534 /* NewsViewModel.swift in Sources */ = {isa = PBXBuildFile; fileRef = 41EF45BF268B7BC4003AF534 /* NewsViewModel.swift */; };
		41EF45C1268B7BC4003AF534 /* NewsViewModel.swift in Sources */ = {isa = PBXBuildFile; fileRef = 41EF45BF268B7BC4003AF534 /* NewsViewModel.swift */; };
		41EF45C2268B7BC4003AF534 /* NewsViewModel.swift in Sources */ = {isa = PBXBuildFile; fileRef = 41EF45BF268B7BC4003AF534 /* NewsViewModel.swift */; };
		41EF45C3268B7BC4003AF534 /* NewsViewModel.swift in Sources */ = {isa = PBXBuildFile; fileRef = 41EF45BF268B7BC4003AF534 /* NewsViewModel.swift */; };
		41EF45C5268B7BE9003AF534 /* ServiceProtocol.swift in Sources */ = {isa = PBXBuildFile; fileRef = 41EF45C4268B7BE9003AF534 /* ServiceProtocol.swift */; };
		41EF45C6268B7BE9003AF534 /* ServiceProtocol.swift in Sources */ = {isa = PBXBuildFile; fileRef = 41EF45C4268B7BE9003AF534 /* ServiceProtocol.swift */; };
		41EF45C7268B7BE9003AF534 /* ServiceProtocol.swift in Sources */ = {isa = PBXBuildFile; fileRef = 41EF45C4268B7BE9003AF534 /* ServiceProtocol.swift */; };
		41EF45C8268B7BE9003AF534 /* ServiceProtocol.swift in Sources */ = {isa = PBXBuildFile; fileRef = 41EF45C4268B7BE9003AF534 /* ServiceProtocol.swift */; };
		41EF45CA268B7C02003AF534 /* APIService.swift in Sources */ = {isa = PBXBuildFile; fileRef = 41EF45C9268B7C02003AF534 /* APIService.swift */; };
		41EF45CB268B7C02003AF534 /* APIService.swift in Sources */ = {isa = PBXBuildFile; fileRef = 41EF45C9268B7C02003AF534 /* APIService.swift */; };
		41EF45CC268B7C02003AF534 /* APIService.swift in Sources */ = {isa = PBXBuildFile; fileRef = 41EF45C9268B7C02003AF534 /* APIService.swift */; };
		41EF45CD268B7C02003AF534 /* APIService.swift in Sources */ = {isa = PBXBuildFile; fileRef = 41EF45C9268B7C02003AF534 /* APIService.swift */; };
		41EF45CF268B7C96003AF534 /* ActivityIndicator.swift in Sources */ = {isa = PBXBuildFile; fileRef = 41EF45CE268B7C96003AF534 /* ActivityIndicator.swift */; };
		41EF45D1268B7CAC003AF534 /* CardModifier.swift in Sources */ = {isa = PBXBuildFile; fileRef = 41EF45D0268B7CAC003AF534 /* CardModifier.swift */; };
		41EF45D3268B7CC6003AF534 /* NewsCard.swift in Sources */ = {isa = PBXBuildFile; fileRef = 41EF45D2268B7CC6003AF534 /* NewsCard.swift */; };
		41EF45D4268B7CC6003AF534 /* NewsCard.swift in Sources */ = {isa = PBXBuildFile; fileRef = 41EF45D2268B7CC6003AF534 /* NewsCard.swift */; };
		41EF45D5268B7CC6003AF534 /* NewsCard.swift in Sources */ = {isa = PBXBuildFile; fileRef = 41EF45D2268B7CC6003AF534 /* NewsCard.swift */; };
		41EF45D6268B7CC6003AF534 /* NewsCard.swift in Sources */ = {isa = PBXBuildFile; fileRef = 41EF45D2268B7CC6003AF534 /* NewsCard.swift */; };
		41EF45D7268B7CCA003AF534 /* CardModifier.swift in Sources */ = {isa = PBXBuildFile; fileRef = 41EF45D0268B7CAC003AF534 /* CardModifier.swift */; };
		41EF45D8268B7CCB003AF534 /* CardModifier.swift in Sources */ = {isa = PBXBuildFile; fileRef = 41EF45D0268B7CAC003AF534 /* CardModifier.swift */; };
		41EF45D9268B7CCB003AF534 /* CardModifier.swift in Sources */ = {isa = PBXBuildFile; fileRef = 41EF45D0268B7CAC003AF534 /* CardModifier.swift */; };
		41EF45DA268B7CCE003AF534 /* ActivityIndicator.swift in Sources */ = {isa = PBXBuildFile; fileRef = 41EF45CE268B7C96003AF534 /* ActivityIndicator.swift */; };
		41EF45DB268B7CCE003AF534 /* ActivityIndicator.swift in Sources */ = {isa = PBXBuildFile; fileRef = 41EF45CE268B7C96003AF534 /* ActivityIndicator.swift */; };
		41EF45DC268B7CCF003AF534 /* ActivityIndicator.swift in Sources */ = {isa = PBXBuildFile; fileRef = 41EF45CE268B7C96003AF534 /* ActivityIndicator.swift */; };
		41EF45DE268B7D3E003AF534 /* PullToRefreshList.swift in Sources */ = {isa = PBXBuildFile; fileRef = 41EF45DD268B7D3E003AF534 /* PullToRefreshList.swift */; };
		41EF45DF268B7D3E003AF534 /* PullToRefreshList.swift in Sources */ = {isa = PBXBuildFile; fileRef = 41EF45DD268B7D3E003AF534 /* PullToRefreshList.swift */; };
		41EF45E0268B7D3E003AF534 /* PullToRefreshList.swift in Sources */ = {isa = PBXBuildFile; fileRef = 41EF45DD268B7D3E003AF534 /* PullToRefreshList.swift */; };
		41EF45E1268B7D3E003AF534 /* PullToRefreshList.swift in Sources */ = {isa = PBXBuildFile; fileRef = 41EF45DD268B7D3E003AF534 /* PullToRefreshList.swift */; };
		41EF45E3268B7D69003AF534 /* NewsDetails.swift in Sources */ = {isa = PBXBuildFile; fileRef = 41EF45E2268B7D69003AF534 /* NewsDetails.swift */; };
		41EF45E4268B7D69003AF534 /* NewsDetails.swift in Sources */ = {isa = PBXBuildFile; fileRef = 41EF45E2268B7D69003AF534 /* NewsDetails.swift */; };
		41EF45E5268B7D69003AF534 /* NewsDetails.swift in Sources */ = {isa = PBXBuildFile; fileRef = 41EF45E2268B7D69003AF534 /* NewsDetails.swift */; };
		41EF45E6268B7D69003AF534 /* NewsDetails.swift in Sources */ = {isa = PBXBuildFile; fileRef = 41EF45E2268B7D69003AF534 /* NewsDetails.swift */; };
		41EF45E9268B80AE003AF534 /* MockService.swift in Sources */ = {isa = PBXBuildFile; fileRef = 41EF45E8268B80AE003AF534 /* MockService.swift */; };
		41EF45EB268B80F1003AF534 /* NewsViewModelTests.swift in Sources */ = {isa = PBXBuildFile; fileRef = 41EF45EA268B80F1003AF534 /* NewsViewModelTests.swift */; };
		41EF45EF268BD620003AF534 /* NewsFeatureCard.swift in Sources */ = {isa = PBXBuildFile; fileRef = 41EF45EE268BD620003AF534 /* NewsFeatureCard.swift */; };
		41EF45F0268BD620003AF534 /* NewsFeatureCard.swift in Sources */ = {isa = PBXBuildFile; fileRef = 41EF45EE268BD620003AF534 /* NewsFeatureCard.swift */; };
		41EF45F1268BD620003AF534 /* NewsFeatureCard.swift in Sources */ = {isa = PBXBuildFile; fileRef = 41EF45EE268BD620003AF534 /* NewsFeatureCard.swift */; };
		41EF45F2268BD620003AF534 /* NewsFeatureCard.swift in Sources */ = {isa = PBXBuildFile; fileRef = 41EF45EE268BD620003AF534 /* NewsFeatureCard.swift */; };
		41EF45FC268BE7E4003AF534 /* NewsCardTests.swift in Sources */ = {isa = PBXBuildFile; fileRef = 41EF45F9268BE7E4003AF534 /* NewsCardTests.swift */; };
		41EF45FF268C0AA9003AF534 /* NewsFeatureCardTests.swift in Sources */ = {isa = PBXBuildFile; fileRef = 41EF45FE268C0AA9003AF534 /* NewsFeatureCardTests.swift */; };
		41EF4601268C0C3E003AF534 /* NewsDetailsTests.swift in Sources */ = {isa = PBXBuildFile; fileRef = 41EF4600268C0C3E003AF534 /* NewsDetailsTests.swift */; };
		41EF4604268C1120003AF534 /* NewsCardSnapshotTest.swift in Sources */ = {isa = PBXBuildFile; fileRef = 41EF4603268C1120003AF534 /* NewsCardSnapshotTest.swift */; };
		41EF4605268C11C8003AF534 /* ContentView.swift in Sources */ = {isa = PBXBuildFile; fileRef = 41EF4567268B75C2003AF534 /* ContentView.swift */; };
		41EF4607268C14C6003AF534 /* SwiftUI+toVC.swift in Sources */ = {isa = PBXBuildFile; fileRef = 41EF4606268C14C6003AF534 /* SwiftUI+toVC.swift */; };
		41EF4608268C14C6003AF534 /* SwiftUI+toVC.swift in Sources */ = {isa = PBXBuildFile; fileRef = 41EF4606268C14C6003AF534 /* SwiftUI+toVC.swift */; };
		41EF4609268C14C6003AF534 /* SwiftUI+toVC.swift in Sources */ = {isa = PBXBuildFile; fileRef = 41EF4606268C14C6003AF534 /* SwiftUI+toVC.swift */; };
		41EF460A268C14C6003AF534 /* SwiftUI+toVC.swift in Sources */ = {isa = PBXBuildFile; fileRef = 41EF4606268C14C6003AF534 /* SwiftUI+toVC.swift */; };
		E3F423EAE4D42ABFB58DCC06 /* Pods_TheNews__iOS_.framework in Frameworks */ = {isa = PBXBuildFile; fileRef = 23537586A55E8C946719F647 /* Pods_TheNews__iOS_.framework */; };
		F19F8E54E00C3A711727787B /* Pods_TheNews__iOS__Tests_iOS.framework in Frameworks */ = {isa = PBXBuildFile; fileRef = C5362374EC3814140177075D /* Pods_TheNews__iOS__Tests_iOS.framework */; };
/* End PBXBuildFile section */

/* Begin PBXContainerItemProxy section */
		41EF457E268B75C4003AF534 /* PBXContainerItemProxy */ = {
			isa = PBXContainerItemProxy;
			containerPortal = 41EF4561268B75C2003AF534 /* Project object */;
			proxyType = 1;
			remoteGlobalIDString = 41EF456C268B75C4003AF534;
			remoteInfo = "TheNews (iOS)";
		};
		41EF4589268B75C5003AF534 /* PBXContainerItemProxy */ = {
			isa = PBXContainerItemProxy;
			containerPortal = 41EF4561268B75C2003AF534 /* Project object */;
			proxyType = 1;
			remoteGlobalIDString = 41EF4574268B75C4003AF534;
			remoteInfo = "TheNews (macOS)";
		};
/* End PBXContainerItemProxy section */

/* Begin PBXFileReference section */
		23537586A55E8C946719F647 /* Pods_TheNews__iOS_.framework */ = {isa = PBXFileReference; explicitFileType = wrapper.framework; includeInIndex = 0; path = Pods_TheNews__iOS_.framework; sourceTree = BUILT_PRODUCTS_DIR; };
		23C3A77A006BE325C813CBEC /* Pods-TheNews (iOS).release.xcconfig */ = {isa = PBXFileReference; includeInIndex = 1; lastKnownFileType = text.xcconfig; name = "Pods-TheNews (iOS).release.xcconfig"; path = "Target Support Files/Pods-TheNews (iOS)/Pods-TheNews (iOS).release.xcconfig"; sourceTree = "<group>"; };
		41EF4566268B75C2003AF534 /* TheNewsApp.swift */ = {isa = PBXFileReference; lastKnownFileType = sourcecode.swift; path = TheNewsApp.swift; sourceTree = "<group>"; };
		41EF4567268B75C2003AF534 /* ContentView.swift */ = {isa = PBXFileReference; lastKnownFileType = sourcecode.swift; path = ContentView.swift; sourceTree = "<group>"; };
		41EF4568268B75C4003AF534 /* Assets.xcassets */ = {isa = PBXFileReference; lastKnownFileType = folder.assetcatalog; path = Assets.xcassets; sourceTree = "<group>"; };
		41EF456D268B75C4003AF534 /* TheNews.app */ = {isa = PBXFileReference; explicitFileType = wrapper.application; includeInIndex = 0; path = TheNews.app; sourceTree = BUILT_PRODUCTS_DIR; };
		41EF4570268B75C4003AF534 /* Info.plist */ = {isa = PBXFileReference; lastKnownFileType = text.plist.xml; path = Info.plist; sourceTree = "<group>"; };
		41EF4575268B75C4003AF534 /* TheNews.app */ = {isa = PBXFileReference; explicitFileType = wrapper.application; includeInIndex = 0; path = TheNews.app; sourceTree = BUILT_PRODUCTS_DIR; };
		41EF4577268B75C4003AF534 /* Info.plist */ = {isa = PBXFileReference; lastKnownFileType = text.plist.xml; path = Info.plist; sourceTree = "<group>"; };
		41EF4578268B75C4003AF534 /* macOS.entitlements */ = {isa = PBXFileReference; lastKnownFileType = text.plist.entitlements; path = macOS.entitlements; sourceTree = "<group>"; };
		41EF457D268B75C4003AF534 /* Tests iOS.xctest */ = {isa = PBXFileReference; explicitFileType = wrapper.cfbundle; includeInIndex = 0; path = "Tests iOS.xctest"; sourceTree = BUILT_PRODUCTS_DIR; };
		41EF4581268B75C4003AF534 /* Tests_iOS.swift */ = {isa = PBXFileReference; lastKnownFileType = sourcecode.swift; path = Tests_iOS.swift; sourceTree = "<group>"; };
		41EF4583268B75C4003AF534 /* Info.plist */ = {isa = PBXFileReference; lastKnownFileType = text.plist.xml; path = Info.plist; sourceTree = "<group>"; };
		41EF4588268B75C5003AF534 /* Tests macOS.xctest */ = {isa = PBXFileReference; explicitFileType = wrapper.cfbundle; includeInIndex = 0; path = "Tests macOS.xctest"; sourceTree = BUILT_PRODUCTS_DIR; };
		41EF458C268B75C5003AF534 /* Tests_macOS.swift */ = {isa = PBXFileReference; lastKnownFileType = sourcecode.swift; path = Tests_macOS.swift; sourceTree = "<group>"; };
		41EF458E268B75C5003AF534 /* Info.plist */ = {isa = PBXFileReference; lastKnownFileType = text.plist.xml; path = Info.plist; sourceTree = "<group>"; };
		41EF45A6268B7AEA003AF534 /* Enclosure.swift */ = {isa = PBXFileReference; lastKnownFileType = sourcecode.swift; path = Enclosure.swift; sourceTree = "<group>"; };
		41EF45AB268B7B2D003AF534 /* Feed.swift */ = {isa = PBXFileReference; lastKnownFileType = sourcecode.swift; path = Feed.swift; sourceTree = "<group>"; };
		41EF45B0268B7B3D003AF534 /* Items.swift */ = {isa = PBXFileReference; lastKnownFileType = sourcecode.swift; path = Items.swift; sourceTree = "<group>"; };
		41EF45B5268B7B51003AF534 /* NewsResponse.swift */ = {isa = PBXFileReference; lastKnownFileType = sourcecode.swift; path = NewsResponse.swift; sourceTree = "<group>"; };
		41EF45BA268B7B75003AF534 /* ItemsList.swift */ = {isa = PBXFileReference; lastKnownFileType = sourcecode.swift; path = ItemsList.swift; sourceTree = "<group>"; };
		41EF45BF268B7BC4003AF534 /* NewsViewModel.swift */ = {isa = PBXFileReference; lastKnownFileType = sourcecode.swift; path = NewsViewModel.swift; sourceTree = "<group>"; };
		41EF45C4268B7BE9003AF534 /* ServiceProtocol.swift */ = {isa = PBXFileReference; lastKnownFileType = sourcecode.swift; path = ServiceProtocol.swift; sourceTree = "<group>"; };
		41EF45C9268B7C02003AF534 /* APIService.swift */ = {isa = PBXFileReference; lastKnownFileType = sourcecode.swift; path = APIService.swift; sourceTree = "<group>"; };
		41EF45CE268B7C96003AF534 /* ActivityIndicator.swift */ = {isa = PBXFileReference; lastKnownFileType = sourcecode.swift; path = ActivityIndicator.swift; sourceTree = "<group>"; };
		41EF45D0268B7CAC003AF534 /* CardModifier.swift */ = {isa = PBXFileReference; lastKnownFileType = sourcecode.swift; path = CardModifier.swift; sourceTree = "<group>"; };
		41EF45D2268B7CC6003AF534 /* NewsCard.swift */ = {isa = PBXFileReference; lastKnownFileType = sourcecode.swift; path = NewsCard.swift; sourceTree = "<group>"; };
		41EF45DD268B7D3E003AF534 /* PullToRefreshList.swift */ = {isa = PBXFileReference; lastKnownFileType = sourcecode.swift; path = PullToRefreshList.swift; sourceTree = "<group>"; };
		41EF45E2268B7D69003AF534 /* NewsDetails.swift */ = {isa = PBXFileReference; lastKnownFileType = sourcecode.swift; path = NewsDetails.swift; sourceTree = "<group>"; };
		41EF45E8268B80AE003AF534 /* MockService.swift */ = {isa = PBXFileReference; lastKnownFileType = sourcecode.swift; path = MockService.swift; sourceTree = "<group>"; };
		41EF45EA268B80F1003AF534 /* NewsViewModelTests.swift */ = {isa = PBXFileReference; lastKnownFileType = sourcecode.swift; path = NewsViewModelTests.swift; sourceTree = "<group>"; };
		41EF45EE268BD620003AF534 /* NewsFeatureCard.swift */ = {isa = PBXFileReference; lastKnownFileType = sourcecode.swift; path = NewsFeatureCard.swift; sourceTree = "<group>"; };
		41EF45F9268BE7E4003AF534 /* NewsCardTests.swift */ = {isa = PBXFileReference; lastKnownFileType = sourcecode.swift; path = NewsCardTests.swift; sourceTree = "<group>"; };
		41EF45FE268C0AA9003AF534 /* NewsFeatureCardTests.swift */ = {isa = PBXFileReference; lastKnownFileType = sourcecode.swift; path = NewsFeatureCardTests.swift; sourceTree = "<group>"; };
		41EF4600268C0C3E003AF534 /* NewsDetailsTests.swift */ = {isa = PBXFileReference; lastKnownFileType = sourcecode.swift; path = NewsDetailsTests.swift; sourceTree = "<group>"; };
		41EF4603268C1120003AF534 /* NewsCardSnapshotTest.swift */ = {isa = PBXFileReference; lastKnownFileType = sourcecode.swift; path = NewsCardSnapshotTest.swift; sourceTree = "<group>"; };
		41EF4606268C14C6003AF534 /* SwiftUI+toVC.swift */ = {isa = PBXFileReference; lastKnownFileType = sourcecode.swift; path = "SwiftUI+toVC.swift"; sourceTree = "<group>"; };
		7370B56F1877D3E9FB431D10 /* Pods-TheNews (iOS).debug.xcconfig */ = {isa = PBXFileReference; includeInIndex = 1; lastKnownFileType = text.xcconfig; name = "Pods-TheNews (iOS).debug.xcconfig"; path = "Target Support Files/Pods-TheNews (iOS)/Pods-TheNews (iOS).debug.xcconfig"; sourceTree = "<group>"; };
		A364B7F3F82CC47F3C85D20A /* Pods-TheNews (iOS)-Tests iOS.release.xcconfig */ = {isa = PBXFileReference; includeInIndex = 1; lastKnownFileType = text.xcconfig; name = "Pods-TheNews (iOS)-Tests iOS.release.xcconfig"; path = "Target Support Files/Pods-TheNews (iOS)-Tests iOS/Pods-TheNews (iOS)-Tests iOS.release.xcconfig"; sourceTree = "<group>"; };
		C5362374EC3814140177075D /* Pods_TheNews__iOS__Tests_iOS.framework */ = {isa = PBXFileReference; explicitFileType = wrapper.framework; includeInIndex = 0; path = Pods_TheNews__iOS__Tests_iOS.framework; sourceTree = BUILT_PRODUCTS_DIR; };
		DD1C36E273F6D0D5E50504B9 /* Pods-TheNews (iOS)-Tests iOS.debug.xcconfig */ = {isa = PBXFileReference; includeInIndex = 1; lastKnownFileType = text.xcconfig; name = "Pods-TheNews (iOS)-Tests iOS.debug.xcconfig"; path = "Target Support Files/Pods-TheNews (iOS)-Tests iOS/Pods-TheNews (iOS)-Tests iOS.debug.xcconfig"; sourceTree = "<group>"; };
/* End PBXFileReference section */

/* Begin PBXFrameworksBuildPhase section */
		41EF456A268B75C4003AF534 /* Frameworks */ = {
			isa = PBXFrameworksBuildPhase;
			buildActionMask = 2147483647;
			files = (
				E3F423EAE4D42ABFB58DCC06 /* Pods_TheNews__iOS_.framework in Frameworks */,
			);
			runOnlyForDeploymentPostprocessing = 0;
		};
		41EF4572268B75C4003AF534 /* Frameworks */ = {
			isa = PBXFrameworksBuildPhase;
			buildActionMask = 2147483647;
			files = (
			);
			runOnlyForDeploymentPostprocessing = 0;
		};
		41EF457A268B75C4003AF534 /* Frameworks */ = {
			isa = PBXFrameworksBuildPhase;
			buildActionMask = 2147483647;
			files = (
				F19F8E54E00C3A711727787B /* Pods_TheNews__iOS__Tests_iOS.framework in Frameworks */,
			);
			runOnlyForDeploymentPostprocessing = 0;
		};
		41EF4585268B75C5003AF534 /* Frameworks */ = {
			isa = PBXFrameworksBuildPhase;
			buildActionMask = 2147483647;
			files = (
			);
			runOnlyForDeploymentPostprocessing = 0;
		};
/* End PBXFrameworksBuildPhase section */

/* Begin PBXGroup section */
		41EF4560268B75C2003AF534 = {
			isa = PBXGroup;
			children = (
				41EF4565268B75C2003AF534 /* Shared */,
				41EF456F268B75C4003AF534 /* iOS */,
				41EF4576268B75C4003AF534 /* macOS */,
				41EF4580268B75C4003AF534 /* Tests iOS */,
				41EF458B268B75C5003AF534 /* Tests macOS */,
				41EF456E268B75C4003AF534 /* Products */,
				ADD9C7F33A0E747DAF652E98 /* Pods */,
				44695A682D510D82C0B95E06 /* Frameworks */,
			);
			sourceTree = "<group>";
		};
		41EF4565268B75C2003AF534 /* Shared */ = {
			isa = PBXGroup;
			children = (
				41EF45A5268B7A98003AF534 /* Model */,
				41EF45A4268B7A90003AF534 /* ViewModel */,
				41EF45A3268B7A88003AF534 /* Views */,
				41EF4566268B75C2003AF534 /* TheNewsApp.swift */,
				41EF4567268B75C2003AF534 /* ContentView.swift */,
				41EF4568268B75C4003AF534 /* Assets.xcassets */,
			);
			path = Shared;
			sourceTree = "<group>";
		};
		41EF456E268B75C4003AF534 /* Products */ = {
			isa = PBXGroup;
			children = (
				41EF456D268B75C4003AF534 /* TheNews.app */,
				41EF4575268B75C4003AF534 /* TheNews.app */,
				41EF457D268B75C4003AF534 /* Tests iOS.xctest */,
				41EF4588268B75C5003AF534 /* Tests macOS.xctest */,
			);
			name = Products;
			sourceTree = "<group>";
		};
		41EF456F268B75C4003AF534 /* iOS */ = {
			isa = PBXGroup;
			children = (
				41EF4570268B75C4003AF534 /* Info.plist */,
			);
			path = iOS;
			sourceTree = "<group>";
		};
		41EF4576268B75C4003AF534 /* macOS */ = {
			isa = PBXGroup;
			children = (
				41EF4577268B75C4003AF534 /* Info.plist */,
				41EF4578268B75C4003AF534 /* macOS.entitlements */,
			);
			path = macOS;
			sourceTree = "<group>";
		};
		41EF4580268B75C4003AF534 /* Tests iOS */ = {
			isa = PBXGroup;
			children = (
				41EF4602268C1111003AF534 /* Snapshots */,
				41EF45F8268BE4DC003AF534 /* Views */,
				41EF45E7268B809B003AF534 /* ViewModel */,
				41EF4581268B75C4003AF534 /* Tests_iOS.swift */,
				41EF4583268B75C4003AF534 /* Info.plist */,
			);
			path = "Tests iOS";
			sourceTree = "<group>";
		};
		41EF458B268B75C5003AF534 /* Tests macOS */ = {
			isa = PBXGroup;
			children = (
				41EF458C268B75C5003AF534 /* Tests_macOS.swift */,
				41EF458E268B75C5003AF534 /* Info.plist */,
			);
			path = "Tests macOS";
			sourceTree = "<group>";
		};
		41EF45A3268B7A88003AF534 /* Views */ = {
			isa = PBXGroup;
			children = (
				41EF45CE268B7C96003AF534 /* ActivityIndicator.swift */,
				41EF45D0268B7CAC003AF534 /* CardModifier.swift */,
				41EF45D2268B7CC6003AF534 /* NewsCard.swift */,
				41EF45EE268BD620003AF534 /* NewsFeatureCard.swift */,
				41EF45DD268B7D3E003AF534 /* PullToRefreshList.swift */,
				41EF45E2268B7D69003AF534 /* NewsDetails.swift */,
				41EF4606268C14C6003AF534 /* SwiftUI+toVC.swift */,
			);
			path = Views;
			sourceTree = "<group>";
		};
		41EF45A4268B7A90003AF534 /* ViewModel */ = {
			isa = PBXGroup;
			children = (
				41EF45BF268B7BC4003AF534 /* NewsViewModel.swift */,
				41EF45C4268B7BE9003AF534 /* ServiceProtocol.swift */,
				41EF45C9268B7C02003AF534 /* APIService.swift */,
			);
			path = ViewModel;
			sourceTree = "<group>";
		};
		41EF45A5268B7A98003AF534 /* Model */ = {
			isa = PBXGroup;
			children = (
				41EF45A6268B7AEA003AF534 /* Enclosure.swift */,
				41EF45AB268B7B2D003AF534 /* Feed.swift */,
				41EF45B0268B7B3D003AF534 /* Items.swift */,
				41EF45B5268B7B51003AF534 /* NewsResponse.swift */,
				41EF45BA268B7B75003AF534 /* ItemsList.swift */,
			);
			path = Model;
			sourceTree = "<group>";
		};
		41EF45E7268B809B003AF534 /* ViewModel */ = {
			isa = PBXGroup;
			children = (
				41EF45E8268B80AE003AF534 /* MockService.swift */,
				41EF45EA268B80F1003AF534 /* NewsViewModelTests.swift */,
			);
			path = ViewModel;
			sourceTree = "<group>";
		};
		41EF45F8268BE4DC003AF534 /* Views */ = {
			isa = PBXGroup;
			children = (
				41EF45F9268BE7E4003AF534 /* NewsCardTests.swift */,
				41EF45FE268C0AA9003AF534 /* NewsFeatureCardTests.swift */,
				41EF4600268C0C3E003AF534 /* NewsDetailsTests.swift */,
			);
			path = Views;
			sourceTree = "<group>";
		};
		41EF4602268C1111003AF534 /* Snapshots */ = {
			isa = PBXGroup;
			children = (
				41EF4603268C1120003AF534 /* NewsCardSnapshotTest.swift */,
			);
			path = Snapshots;
			sourceTree = "<group>";
		};
		44695A682D510D82C0B95E06 /* Frameworks */ = {
			isa = PBXGroup;
			children = (
				23537586A55E8C946719F647 /* Pods_TheNews__iOS_.framework */,
				C5362374EC3814140177075D /* Pods_TheNews__iOS__Tests_iOS.framework */,
			);
			name = Frameworks;
			sourceTree = "<group>";
		};
		ADD9C7F33A0E747DAF652E98 /* Pods */ = {
			isa = PBXGroup;
			children = (
				7370B56F1877D3E9FB431D10 /* Pods-TheNews (iOS).debug.xcconfig */,
				23C3A77A006BE325C813CBEC /* Pods-TheNews (iOS).release.xcconfig */,
				DD1C36E273F6D0D5E50504B9 /* Pods-TheNews (iOS)-Tests iOS.debug.xcconfig */,
				A364B7F3F82CC47F3C85D20A /* Pods-TheNews (iOS)-Tests iOS.release.xcconfig */,
			);
			path = Pods;
			sourceTree = "<group>";
		};
/* End PBXGroup section */

/* Begin PBXNativeTarget section */
		41EF456C268B75C4003AF534 /* TheNews (iOS) */ = {
			isa = PBXNativeTarget;
			buildConfigurationList = 41EF4597268B75C5003AF534 /* Build configuration list for PBXNativeTarget "TheNews (iOS)" */;
			buildPhases = (
				0523EEB6A9F34934C90AD74D /* [CP] Check Pods Manifest.lock */,
				41EF4569268B75C4003AF534 /* Sources */,
				41EF456A268B75C4003AF534 /* Frameworks */,
				41EF456B268B75C4003AF534 /* Resources */,
				FD521DD4B11E6DE03CDFD5EC /* [CP] Embed Pods Frameworks */,
			);
			buildRules = (
			);
			dependencies = (
			);
			name = "TheNews (iOS)";
			productName = "TheNews (iOS)";
			productReference = 41EF456D268B75C4003AF534 /* TheNews.app */;
			productType = "com.apple.product-type.application";
		};
		41EF4574268B75C4003AF534 /* TheNews (macOS) */ = {
			isa = PBXNativeTarget;
			buildConfigurationList = 41EF459A268B75C5003AF534 /* Build configuration list for PBXNativeTarget "TheNews (macOS)" */;
			buildPhases = (
				41EF4571268B75C4003AF534 /* Sources */,
				41EF4572268B75C4003AF534 /* Frameworks */,
				41EF4573268B75C4003AF534 /* Resources */,
			);
			buildRules = (
			);
			dependencies = (
			);
			name = "TheNews (macOS)";
			productName = "TheNews (macOS)";
			productReference = 41EF4575268B75C4003AF534 /* TheNews.app */;
			productType = "com.apple.product-type.application";
		};
		41EF457C268B75C4003AF534 /* Tests iOS */ = {
			isa = PBXNativeTarget;
			buildConfigurationList = 41EF459D268B75C5003AF534 /* Build configuration list for PBXNativeTarget "Tests iOS" */;
			buildPhases = (
				1FCE7FFD2C11AA17736F3211 /* [CP] Check Pods Manifest.lock */,
				41EF4579268B75C4003AF534 /* Sources */,
				41EF457A268B75C4003AF534 /* Frameworks */,
				41EF457B268B75C4003AF534 /* Resources */,
				66DAB8BDD74798EC471E2822 /* [CP] Embed Pods Frameworks */,
			);
			buildRules = (
			);
			dependencies = (
				41EF457F268B75C4003AF534 /* PBXTargetDependency */,
			);
			name = "Tests iOS";
			productName = "Tests iOS";
			productReference = 41EF457D268B75C4003AF534 /* Tests iOS.xctest */;
			productType = "com.apple.product-type.bundle.ui-testing";
		};
		41EF4587268B75C5003AF534 /* Tests macOS */ = {
			isa = PBXNativeTarget;
			buildConfigurationList = 41EF45A0268B75C5003AF534 /* Build configuration list for PBXNativeTarget "Tests macOS" */;
			buildPhases = (
				41EF4584268B75C5003AF534 /* Sources */,
				41EF4585268B75C5003AF534 /* Frameworks */,
				41EF4586268B75C5003AF534 /* Resources */,
			);
			buildRules = (
			);
			dependencies = (
				41EF458A268B75C5003AF534 /* PBXTargetDependency */,
			);
			name = "Tests macOS";
			productName = "Tests macOS";
			productReference = 41EF4588268B75C5003AF534 /* Tests macOS.xctest */;
			productType = "com.apple.product-type.bundle.ui-testing";
		};
/* End PBXNativeTarget section */

/* Begin PBXProject section */
		41EF4561268B75C2003AF534 /* Project object */ = {
			isa = PBXProject;
			attributes = {
				LastSwiftUpdateCheck = 1250;
				LastUpgradeCheck = 1250;
				TargetAttributes = {
					41EF456C268B75C4003AF534 = {
						CreatedOnToolsVersion = 12.5;
					};
					41EF4574268B75C4003AF534 = {
						CreatedOnToolsVersion = 12.5;
					};
					41EF457C268B75C4003AF534 = {
						CreatedOnToolsVersion = 12.5;
						TestTargetID = 41EF456C268B75C4003AF534;
					};
					41EF4587268B75C5003AF534 = {
						CreatedOnToolsVersion = 12.5;
						TestTargetID = 41EF4574268B75C4003AF534;
					};
				};
			};
			buildConfigurationList = 41EF4564268B75C2003AF534 /* Build configuration list for PBXProject "TheNews" */;
			compatibilityVersion = "Xcode 9.3";
			developmentRegion = en;
			hasScannedForEncodings = 0;
			knownRegions = (
				en,
				Base,
			);
			mainGroup = 41EF4560268B75C2003AF534;
			productRefGroup = 41EF456E268B75C4003AF534 /* Products */;
			projectDirPath = "";
			projectRoot = "";
			targets = (
				41EF456C268B75C4003AF534 /* TheNews (iOS) */,
				41EF4574268B75C4003AF534 /* TheNews (macOS) */,
				41EF457C268B75C4003AF534 /* Tests iOS */,
				41EF4587268B75C5003AF534 /* Tests macOS */,
			);
		};
/* End PBXProject section */

/* Begin PBXResourcesBuildPhase section */
		41EF456B268B75C4003AF534 /* Resources */ = {
			isa = PBXResourcesBuildPhase;
			buildActionMask = 2147483647;
			files = (
				41EF4593268B75C5003AF534 /* Assets.xcassets in Resources */,
			);
			runOnlyForDeploymentPostprocessing = 0;
		};
		41EF4573268B75C4003AF534 /* Resources */ = {
			isa = PBXResourcesBuildPhase;
			buildActionMask = 2147483647;
			files = (
				41EF4594268B75C5003AF534 /* Assets.xcassets in Resources */,
			);
			runOnlyForDeploymentPostprocessing = 0;
		};
		41EF457B268B75C4003AF534 /* Resources */ = {
			isa = PBXResourcesBuildPhase;
			buildActionMask = 2147483647;
			files = (
			);
			runOnlyForDeploymentPostprocessing = 0;
		};
		41EF4586268B75C5003AF534 /* Resources */ = {
			isa = PBXResourcesBuildPhase;
			buildActionMask = 2147483647;
			files = (
			);
			runOnlyForDeploymentPostprocessing = 0;
		};
/* End PBXResourcesBuildPhase section */

/* Begin PBXShellScriptBuildPhase section */
		0523EEB6A9F34934C90AD74D /* [CP] Check Pods Manifest.lock */ = {
			isa = PBXShellScriptBuildPhase;
			buildActionMask = 2147483647;
			files = (
			);
			inputFileListPaths = (
			);
			inputPaths = (
				"${PODS_PODFILE_DIR_PATH}/Podfile.lock",
				"${PODS_ROOT}/Manifest.lock",
			);
			name = "[CP] Check Pods Manifest.lock";
			outputFileListPaths = (
			);
			outputPaths = (
				"$(DERIVED_FILE_DIR)/Pods-TheNews (iOS)-checkManifestLockResult.txt",
			);
			runOnlyForDeploymentPostprocessing = 0;
			shellPath = /bin/sh;
			shellScript = "diff \"${PODS_PODFILE_DIR_PATH}/Podfile.lock\" \"${PODS_ROOT}/Manifest.lock\" > /dev/null\nif [ $? != 0 ] ; then\n    # print error to STDERR\n    echo \"error: The sandbox is not in sync with the Podfile.lock. Run 'pod install' or update your CocoaPods installation.\" >&2\n    exit 1\nfi\n# This output is used by Xcode 'outputs' to avoid re-running this script phase.\necho \"SUCCESS\" > \"${SCRIPT_OUTPUT_FILE_0}\"\n";
			showEnvVarsInLog = 0;
		};
		1FCE7FFD2C11AA17736F3211 /* [CP] Check Pods Manifest.lock */ = {
			isa = PBXShellScriptBuildPhase;
			buildActionMask = 2147483647;
			files = (
			);
			inputFileListPaths = (
			);
			inputPaths = (
				"${PODS_PODFILE_DIR_PATH}/Podfile.lock",
				"${PODS_ROOT}/Manifest.lock",
			);
			name = "[CP] Check Pods Manifest.lock";
			outputFileListPaths = (
			);
			outputPaths = (
				"$(DERIVED_FILE_DIR)/Pods-TheNews (iOS)-Tests iOS-checkManifestLockResult.txt",
			);
			runOnlyForDeploymentPostprocessing = 0;
			shellPath = /bin/sh;
			shellScript = "diff \"${PODS_PODFILE_DIR_PATH}/Podfile.lock\" \"${PODS_ROOT}/Manifest.lock\" > /dev/null\nif [ $? != 0 ] ; then\n    # print error to STDERR\n    echo \"error: The sandbox is not in sync with the Podfile.lock. Run 'pod install' or update your CocoaPods installation.\" >&2\n    exit 1\nfi\n# This output is used by Xcode 'outputs' to avoid re-running this script phase.\necho \"SUCCESS\" > \"${SCRIPT_OUTPUT_FILE_0}\"\n";
			showEnvVarsInLog = 0;
		};
		66DAB8BDD74798EC471E2822 /* [CP] Embed Pods Frameworks */ = {
			isa = PBXShellScriptBuildPhase;
			buildActionMask = 2147483647;
			files = (
			);
			inputFileListPaths = (
				"${PODS_ROOT}/Target Support Files/Pods-TheNews (iOS)-Tests iOS/Pods-TheNews (iOS)-Tests iOS-frameworks-${CONFIGURATION}-input-files.xcfilelist",
			);
			name = "[CP] Embed Pods Frameworks";
			outputFileListPaths = (
				"${PODS_ROOT}/Target Support Files/Pods-TheNews (iOS)-Tests iOS/Pods-TheNews (iOS)-Tests iOS-frameworks-${CONFIGURATION}-output-files.xcfilelist",
			);
			runOnlyForDeploymentPostprocessing = 0;
			shellPath = /bin/sh;
			shellScript = "\"${PODS_ROOT}/Target Support Files/Pods-TheNews (iOS)-Tests iOS/Pods-TheNews (iOS)-Tests iOS-frameworks.sh\"\n";
			showEnvVarsInLog = 0;
		};
		FD521DD4B11E6DE03CDFD5EC /* [CP] Embed Pods Frameworks */ = {
			isa = PBXShellScriptBuildPhase;
			buildActionMask = 2147483647;
			files = (
			);
			inputFileListPaths = (
				"${PODS_ROOT}/Target Support Files/Pods-TheNews (iOS)/Pods-TheNews (iOS)-frameworks-${CONFIGURATION}-input-files.xcfilelist",
			);
			name = "[CP] Embed Pods Frameworks";
			outputFileListPaths = (
				"${PODS_ROOT}/Target Support Files/Pods-TheNews (iOS)/Pods-TheNews (iOS)-frameworks-${CONFIGURATION}-output-files.xcfilelist",
			);
			runOnlyForDeploymentPostprocessing = 0;
			shellPath = /bin/sh;
			shellScript = "\"${PODS_ROOT}/Target Support Files/Pods-TheNews (iOS)/Pods-TheNews (iOS)-frameworks.sh\"\n";
			showEnvVarsInLog = 0;
		};
/* End PBXShellScriptBuildPhase section */

/* Begin PBXSourcesBuildPhase section */
		41EF4569268B75C4003AF534 /* Sources */ = {
			isa = PBXSourcesBuildPhase;
			buildActionMask = 2147483647;
			files = (
				41EF45A7268B7AEA003AF534 /* Enclosure.swift in Sources */,
				41EF45B1268B7B3D003AF534 /* Items.swift in Sources */,
				41EF45E3268B7D69003AF534 /* NewsDetails.swift in Sources */,
				41EF45EF268BD620003AF534 /* NewsFeatureCard.swift in Sources */,
				41EF4607268C14C6003AF534 /* SwiftUI+toVC.swift in Sources */,
				41EF45D1268B7CAC003AF534 /* CardModifier.swift in Sources */,
				41EF45AC268B7B2D003AF534 /* Feed.swift in Sources */,
				41EF4591268B75C5003AF534 /* ContentView.swift in Sources */,
				41EF458F268B75C5003AF534 /* TheNewsApp.swift in Sources */,
				41EF45CF268B7C96003AF534 /* ActivityIndicator.swift in Sources */,
				41EF45D3268B7CC6003AF534 /* NewsCard.swift in Sources */,
				41EF45B6268B7B51003AF534 /* NewsResponse.swift in Sources */,
				41EF45CA268B7C02003AF534 /* APIService.swift in Sources */,
				41EF45C5268B7BE9003AF534 /* ServiceProtocol.swift in Sources */,
				41EF45DE268B7D3E003AF534 /* PullToRefreshList.swift in Sources */,
				41EF45BB268B7B75003AF534 /* ItemsList.swift in Sources */,
				41EF45C0268B7BC4003AF534 /* NewsViewModel.swift in Sources */,
			);
			runOnlyForDeploymentPostprocessing = 0;
		};
		41EF4571268B75C4003AF534 /* Sources */ = {
			isa = PBXSourcesBuildPhase;
			buildActionMask = 2147483647;
			files = (
				41EF45A8268B7AEA003AF534 /* Enclosure.swift in Sources */,
				41EF45B2268B7B3D003AF534 /* Items.swift in Sources */,
				41EF45E4268B7D69003AF534 /* NewsDetails.swift in Sources */,
				41EF45F0268BD620003AF534 /* NewsFeatureCard.swift in Sources */,
				41EF4608268C14C6003AF534 /* SwiftUI+toVC.swift in Sources */,
				41EF45D7268B7CCA003AF534 /* CardModifier.swift in Sources */,
				41EF45AD268B7B2D003AF534 /* Feed.swift in Sources */,
				41EF45DA268B7CCE003AF534 /* ActivityIndicator.swift in Sources */,
				41EF4592268B75C5003AF534 /* ContentView.swift in Sources */,
				41EF4590268B75C5003AF534 /* TheNewsApp.swift in Sources */,
				41EF45B7268B7B51003AF534 /* NewsResponse.swift in Sources */,
				41EF45D4268B7CC6003AF534 /* NewsCard.swift in Sources */,
				41EF45CB268B7C02003AF534 /* APIService.swift in Sources */,
				41EF45C6268B7BE9003AF534 /* ServiceProtocol.swift in Sources */,
				41EF45DF268B7D3E003AF534 /* PullToRefreshList.swift in Sources */,
				41EF45BC268B7B75003AF534 /* ItemsList.swift in Sources */,
				41EF45C1268B7BC4003AF534 /* NewsViewModel.swift in Sources */,
			);
			runOnlyForDeploymentPostprocessing = 0;
		};
		41EF4579268B75C4003AF534 /* Sources */ = {
			isa = PBXSourcesBuildPhase;
			buildActionMask = 2147483647;
			files = (
				41EF45BD268B7B75003AF534 /* ItemsList.swift in Sources */,
				41EF45B3268B7B3D003AF534 /* Items.swift in Sources */,
				41EF45F1268BD620003AF534 /* NewsFeatureCard.swift in Sources */,
				41EF4604268C1120003AF534 /* NewsCardSnapshotTest.swift in Sources */,
				41EF45B8268B7B51003AF534 /* NewsResponse.swift in Sources */,
				41EF45FF268C0AA9003AF534 /* NewsFeatureCardTests.swift in Sources */,
				41EF4609268C14C6003AF534 /* SwiftUI+toVC.swift in Sources */,
				41EF45C7268B7BE9003AF534 /* ServiceProtocol.swift in Sources */,
				41EF45DB268B7CCE003AF534 /* ActivityIndicator.swift in Sources */,
				41EF45E5268B7D69003AF534 /* NewsDetails.swift in Sources */,
				41EF45D8268B7CCB003AF534 /* CardModifier.swift in Sources */,
				41EF45D5268B7CC6003AF534 /* NewsCard.swift in Sources */,
				41EF45A9268B7AEA003AF534 /* Enclosure.swift in Sources */,
				41EF4605268C11C8003AF534 /* ContentView.swift in Sources */,
				41EF45C2268B7BC4003AF534 /* NewsViewModel.swift in Sources */,
				41EF45AE268B7B2D003AF534 /* Feed.swift in Sources */,
				41EF45E9268B80AE003AF534 /* MockService.swift in Sources */,
				41EF45CC268B7C02003AF534 /* APIService.swift in Sources */,
				41EF4582268B75C4003AF534 /* Tests_iOS.swift in Sources */,
				41EF45E0268B7D3E003AF534 /* PullToRefreshList.swift in Sources */,
				41EF45FC268BE7E4003AF534 /* NewsCardTests.swift in Sources */,
				41EF45EB268B80F1003AF534 /* NewsViewModelTests.swift in Sources */,
				41EF4601268C0C3E003AF534 /* NewsDetailsTests.swift in Sources */,
			);
			runOnlyForDeploymentPostprocessing = 0;
		};
		41EF4584268B75C5003AF534 /* Sources */ = {
			isa = PBXSourcesBuildPhase;
			buildActionMask = 2147483647;
			files = (
				41EF45BE268B7B75003AF534 /* ItemsList.swift in Sources */,
				41EF45B4268B7B3D003AF534 /* Items.swift in Sources */,
				41EF45B9268B7B51003AF534 /* NewsResponse.swift in Sources */,
				41EF45C8268B7BE9003AF534 /* ServiceProtocol.swift in Sources */,
				41EF45DC268B7CCF003AF534 /* ActivityIndicator.swift in Sources */,
				41EF45E6268B7D69003AF534 /* NewsDetails.swift in Sources */,
				41EF45D9268B7CCB003AF534 /* CardModifier.swift in Sources */,
				41EF45D6268B7CC6003AF534 /* NewsCard.swift in Sources */,
				41EF45AA268B7AEA003AF534 /* Enclosure.swift in Sources */,
				41EF45C3268B7BC4003AF534 /* NewsViewModel.swift in Sources */,
				41EF45AF268B7B2D003AF534 /* Feed.swift in Sources */,
				41EF45CD268B7C02003AF534 /* APIService.swift in Sources */,
				41EF458D268B75C5003AF534 /* Tests_macOS.swift in Sources */,
				41EF45F2268BD620003AF534 /* NewsFeatureCard.swift in Sources */,
				41EF45E1268B7D3E003AF534 /* PullToRefreshList.swift in Sources */,
				41EF460A268C14C6003AF534 /* SwiftUI+toVC.swift in Sources */,
			);
			runOnlyForDeploymentPostprocessing = 0;
		};
/* End PBXSourcesBuildPhase section */

/* Begin PBXTargetDependency section */
		41EF457F268B75C4003AF534 /* PBXTargetDependency */ = {
			isa = PBXTargetDependency;
			target = 41EF456C268B75C4003AF534 /* TheNews (iOS) */;
			targetProxy = 41EF457E268B75C4003AF534 /* PBXContainerItemProxy */;
		};
		41EF458A268B75C5003AF534 /* PBXTargetDependency */ = {
			isa = PBXTargetDependency;
			target = 41EF4574268B75C4003AF534 /* TheNews (macOS) */;
			targetProxy = 41EF4589268B75C5003AF534 /* PBXContainerItemProxy */;
		};
/* End PBXTargetDependency section */

/* Begin XCBuildConfiguration section */
		41EF4595268B75C5003AF534 /* Debug */ = {
			isa = XCBuildConfiguration;
			buildSettings = {
				ALWAYS_SEARCH_USER_PATHS = NO;
				CLANG_ANALYZER_NONNULL = YES;
				CLANG_ANALYZER_NUMBER_OBJECT_CONVERSION = YES_AGGRESSIVE;
				CLANG_CXX_LANGUAGE_STANDARD = "gnu++14";
				CLANG_CXX_LIBRARY = "libc++";
				CLANG_ENABLE_MODULES = YES;
				CLANG_ENABLE_OBJC_ARC = YES;
				CLANG_ENABLE_OBJC_WEAK = YES;
				CLANG_WARN_BLOCK_CAPTURE_AUTORELEASING = YES;
				CLANG_WARN_BOOL_CONVERSION = YES;
				CLANG_WARN_COMMA = YES;
				CLANG_WARN_CONSTANT_CONVERSION = YES;
				CLANG_WARN_DEPRECATED_OBJC_IMPLEMENTATIONS = YES;
				CLANG_WARN_DIRECT_OBJC_ISA_USAGE = YES_ERROR;
				CLANG_WARN_DOCUMENTATION_COMMENTS = YES;
				CLANG_WARN_EMPTY_BODY = YES;
				CLANG_WARN_ENUM_CONVERSION = YES;
				CLANG_WARN_INFINITE_RECURSION = YES;
				CLANG_WARN_INT_CONVERSION = YES;
				CLANG_WARN_NON_LITERAL_NULL_CONVERSION = YES;
				CLANG_WARN_OBJC_IMPLICIT_RETAIN_SELF = YES;
				CLANG_WARN_OBJC_LITERAL_CONVERSION = YES;
				CLANG_WARN_OBJC_ROOT_CLASS = YES_ERROR;
				CLANG_WARN_QUOTED_INCLUDE_IN_FRAMEWORK_HEADER = YES;
				CLANG_WARN_RANGE_LOOP_ANALYSIS = YES;
				CLANG_WARN_STRICT_PROTOTYPES = YES;
				CLANG_WARN_SUSPICIOUS_MOVE = YES;
				CLANG_WARN_UNGUARDED_AVAILABILITY = YES_AGGRESSIVE;
				CLANG_WARN_UNREACHABLE_CODE = YES;
				CLANG_WARN__DUPLICATE_METHOD_MATCH = YES;
				COPY_PHASE_STRIP = NO;
				DEBUG_INFORMATION_FORMAT = dwarf;
				ENABLE_STRICT_OBJC_MSGSEND = YES;
				ENABLE_TESTABILITY = YES;
				GCC_C_LANGUAGE_STANDARD = gnu11;
				GCC_DYNAMIC_NO_PIC = NO;
				GCC_NO_COMMON_BLOCKS = YES;
				GCC_OPTIMIZATION_LEVEL = 0;
				GCC_PREPROCESSOR_DEFINITIONS = (
					"DEBUG=1",
					"$(inherited)",
				);
				GCC_WARN_64_TO_32_BIT_CONVERSION = YES;
				GCC_WARN_ABOUT_RETURN_TYPE = YES_ERROR;
				GCC_WARN_UNDECLARED_SELECTOR = YES;
				GCC_WARN_UNINITIALIZED_AUTOS = YES_AGGRESSIVE;
				GCC_WARN_UNUSED_FUNCTION = YES;
				GCC_WARN_UNUSED_VARIABLE = YES;
				MTL_ENABLE_DEBUG_INFO = INCLUDE_SOURCE;
				MTL_FAST_MATH = YES;
				ONLY_ACTIVE_ARCH = YES;
				SWIFT_ACTIVE_COMPILATION_CONDITIONS = DEBUG;
				SWIFT_OPTIMIZATION_LEVEL = "-Onone";
			};
			name = Debug;
		};
		41EF4596268B75C5003AF534 /* Release */ = {
			isa = XCBuildConfiguration;
			buildSettings = {
				ALWAYS_SEARCH_USER_PATHS = NO;
				CLANG_ANALYZER_NONNULL = YES;
				CLANG_ANALYZER_NUMBER_OBJECT_CONVERSION = YES_AGGRESSIVE;
				CLANG_CXX_LANGUAGE_STANDARD = "gnu++14";
				CLANG_CXX_LIBRARY = "libc++";
				CLANG_ENABLE_MODULES = YES;
				CLANG_ENABLE_OBJC_ARC = YES;
				CLANG_ENABLE_OBJC_WEAK = YES;
				CLANG_WARN_BLOCK_CAPTURE_AUTORELEASING = YES;
				CLANG_WARN_BOOL_CONVERSION = YES;
				CLANG_WARN_COMMA = YES;
				CLANG_WARN_CONSTANT_CONVERSION = YES;
				CLANG_WARN_DEPRECATED_OBJC_IMPLEMENTATIONS = YES;
				CLANG_WARN_DIRECT_OBJC_ISA_USAGE = YES_ERROR;
				CLANG_WARN_DOCUMENTATION_COMMENTS = YES;
				CLANG_WARN_EMPTY_BODY = YES;
				CLANG_WARN_ENUM_CONVERSION = YES;
				CLANG_WARN_INFINITE_RECURSION = YES;
				CLANG_WARN_INT_CONVERSION = YES;
				CLANG_WARN_NON_LITERAL_NULL_CONVERSION = YES;
				CLANG_WARN_OBJC_IMPLICIT_RETAIN_SELF = YES;
				CLANG_WARN_OBJC_LITERAL_CONVERSION = YES;
				CLANG_WARN_OBJC_ROOT_CLASS = YES_ERROR;
				CLANG_WARN_QUOTED_INCLUDE_IN_FRAMEWORK_HEADER = YES;
				CLANG_WARN_RANGE_LOOP_ANALYSIS = YES;
				CLANG_WARN_STRICT_PROTOTYPES = YES;
				CLANG_WARN_SUSPICIOUS_MOVE = YES;
				CLANG_WARN_UNGUARDED_AVAILABILITY = YES_AGGRESSIVE;
				CLANG_WARN_UNREACHABLE_CODE = YES;
				CLANG_WARN__DUPLICATE_METHOD_MATCH = YES;
				COPY_PHASE_STRIP = NO;
				DEBUG_INFORMATION_FORMAT = "dwarf-with-dsym";
				ENABLE_NS_ASSERTIONS = NO;
				ENABLE_STRICT_OBJC_MSGSEND = YES;
				GCC_C_LANGUAGE_STANDARD = gnu11;
				GCC_NO_COMMON_BLOCKS = YES;
				GCC_WARN_64_TO_32_BIT_CONVERSION = YES;
				GCC_WARN_ABOUT_RETURN_TYPE = YES_ERROR;
				GCC_WARN_UNDECLARED_SELECTOR = YES;
				GCC_WARN_UNINITIALIZED_AUTOS = YES_AGGRESSIVE;
				GCC_WARN_UNUSED_FUNCTION = YES;
				GCC_WARN_UNUSED_VARIABLE = YES;
				MTL_ENABLE_DEBUG_INFO = NO;
				MTL_FAST_MATH = YES;
				SWIFT_COMPILATION_MODE = wholemodule;
				SWIFT_OPTIMIZATION_LEVEL = "-O";
			};
			name = Release;
		};
		41EF4598268B75C5003AF534 /* Debug */ = {
			isa = XCBuildConfiguration;
			baseConfigurationReference = 7370B56F1877D3E9FB431D10 /* Pods-TheNews (iOS).debug.xcconfig */;
			buildSettings = {
				ASSETCATALOG_COMPILER_APPICON_NAME = AppIcon;
				ASSETCATALOG_COMPILER_GLOBAL_ACCENT_COLOR_NAME = AccentColor;
				CODE_SIGN_STYLE = Automatic;
				ENABLE_PREVIEWS = YES;
				INFOPLIST_FILE = iOS/Info.plist;
				IPHONEOS_DEPLOYMENT_TARGET = 14.0;
				LD_RUNPATH_SEARCH_PATHS = (
					"$(inherited)",
					"@executable_path/Frameworks",
				);
				PRODUCT_BUNDLE_IDENTIFIER = xyz.com.TheNews;
				PRODUCT_NAME = TheNews;
				SDKROOT = iphoneos;
				SWIFT_VERSION = 5.0;
				TARGETED_DEVICE_FAMILY = "1,2";
			};
			name = Debug;
		};
		41EF4599268B75C5003AF534 /* Release */ = {
			isa = XCBuildConfiguration;
			baseConfigurationReference = 23C3A77A006BE325C813CBEC /* Pods-TheNews (iOS).release.xcconfig */;
			buildSettings = {
				ASSETCATALOG_COMPILER_APPICON_NAME = AppIcon;
				ASSETCATALOG_COMPILER_GLOBAL_ACCENT_COLOR_NAME = AccentColor;
				CODE_SIGN_STYLE = Automatic;
				ENABLE_PREVIEWS = YES;
				INFOPLIST_FILE = iOS/Info.plist;
				IPHONEOS_DEPLOYMENT_TARGET = 14.0;
				LD_RUNPATH_SEARCH_PATHS = (
					"$(inherited)",
					"@executable_path/Frameworks",
				);
				PRODUCT_BUNDLE_IDENTIFIER = xyz.com.TheNews;
				PRODUCT_NAME = TheNews;
				SDKROOT = iphoneos;
				SWIFT_VERSION = 5.0;
				TARGETED_DEVICE_FAMILY = "1,2";
				VALIDATE_PRODUCT = YES;
			};
			name = Release;
		};
		41EF459B268B75C5003AF534 /* Debug */ = {
			isa = XCBuildConfiguration;
			buildSettings = {
				ASSETCATALOG_COMPILER_APPICON_NAME = AppIcon;
				ASSETCATALOG_COMPILER_GLOBAL_ACCENT_COLOR_NAME = AccentColor;
				CODE_SIGN_ENTITLEMENTS = macOS/macOS.entitlements;
				CODE_SIGN_STYLE = Automatic;
				COMBINE_HIDPI_IMAGES = YES;
				ENABLE_PREVIEWS = YES;
				INFOPLIST_FILE = macOS/Info.plist;
				LD_RUNPATH_SEARCH_PATHS = (
					"$(inherited)",
					"@executable_path/../Frameworks",
				);
				MACOSX_DEPLOYMENT_TARGET = 11.0;
				PRODUCT_BUNDLE_IDENTIFIER = xyz.com.TheNews;
				PRODUCT_NAME = TheNews;
				SDKROOT = macosx;
				SWIFT_VERSION = 5.0;
			};
			name = Debug;
		};
		41EF459C268B75C5003AF534 /* Release */ = {
			isa = XCBuildConfiguration;
			buildSettings = {
				ASSETCATALOG_COMPILER_APPICON_NAME = AppIcon;
				ASSETCATALOG_COMPILER_GLOBAL_ACCENT_COLOR_NAME = AccentColor;
				CODE_SIGN_ENTITLEMENTS = macOS/macOS.entitlements;
				CODE_SIGN_STYLE = Automatic;
				COMBINE_HIDPI_IMAGES = YES;
				ENABLE_PREVIEWS = YES;
				INFOPLIST_FILE = macOS/Info.plist;
				LD_RUNPATH_SEARCH_PATHS = (
					"$(inherited)",
					"@executable_path/../Frameworks",
				);
				MACOSX_DEPLOYMENT_TARGET = 11.0;
				PRODUCT_BUNDLE_IDENTIFIER = xyz.com.TheNews;
				PRODUCT_NAME = TheNews;
				SDKROOT = macosx;
				SWIFT_VERSION = 5.0;
			};
			name = Release;
		};
		41EF459E268B75C5003AF534 /* Debug */ = {
			isa = XCBuildConfiguration;
			baseConfigurationReference = DD1C36E273F6D0D5E50504B9 /* Pods-TheNews (iOS)-Tests iOS.debug.xcconfig */;
			buildSettings = {
				ALWAYS_EMBED_SWIFT_STANDARD_LIBRARIES = YES;
				CODE_SIGN_STYLE = Automatic;
				INFOPLIST_FILE = "Tests iOS/Info.plist";
				IPHONEOS_DEPLOYMENT_TARGET = 14.5;
				LD_RUNPATH_SEARCH_PATHS = (
					"$(inherited)",
					"@executable_path/Frameworks",
					"@loader_path/Frameworks",
				);
				PRODUCT_BUNDLE_IDENTIFIER = "xyz.com.Tests-iOS";
				PRODUCT_NAME = "$(TARGET_NAME)";
				SDKROOT = iphoneos;
				SWIFT_VERSION = 5.0;
				TARGETED_DEVICE_FAMILY = "1,2";
				TEST_TARGET_NAME = "TheNews (iOS)";
			};
			name = Debug;
		};
		41EF459F268B75C5003AF534 /* Release */ = {
			isa = XCBuildConfiguration;
			baseConfigurationReference = A364B7F3F82CC47F3C85D20A /* Pods-TheNews (iOS)-Tests iOS.release.xcconfig */;
			buildSettings = {
				ALWAYS_EMBED_SWIFT_STANDARD_LIBRARIES = YES;
				CODE_SIGN_STYLE = Automatic;
				INFOPLIST_FILE = "Tests iOS/Info.plist";
				IPHONEOS_DEPLOYMENT_TARGET = 14.5;
				LD_RUNPATH_SEARCH_PATHS = (
					"$(inherited)",
					"@executable_path/Frameworks",
					"@loader_path/Frameworks",
				);
				PRODUCT_BUNDLE_IDENTIFIER = "xyz.com.Tests-iOS";
				PRODUCT_NAME = "$(TARGET_NAME)";
				SDKROOT = iphoneos;
				SWIFT_VERSION = 5.0;
				TARGETED_DEVICE_FAMILY = "1,2";
				TEST_TARGET_NAME = "TheNews (iOS)";
				VALIDATE_PRODUCT = YES;
			};
			name = Release;
		};
		41EF45A1268B75C5003AF534 /* Debug */ = {
			isa = XCBuildConfiguration;
			buildSettings = {
				ALWAYS_EMBED_SWIFT_STANDARD_LIBRARIES = YES;
				CODE_SIGN_STYLE = Automatic;
				COMBINE_HIDPI_IMAGES = YES;
				INFOPLIST_FILE = "Tests macOS/Info.plist";
				LD_RUNPATH_SEARCH_PATHS = (
					"$(inherited)",
					"@executable_path/../Frameworks",
					"@loader_path/../Frameworks",
				);
				MACOSX_DEPLOYMENT_TARGET = 11.3;
				PRODUCT_BUNDLE_IDENTIFIER = "xyz.com.Tests-macOS";
				PRODUCT_NAME = "$(TARGET_NAME)";
				SDKROOT = macosx;
				SWIFT_VERSION = 5.0;
				TEST_TARGET_NAME = "TheNews (macOS)";
			};
			name = Debug;
		};
		41EF45A2268B75C5003AF534 /* Release */ = {
			isa = XCBuildConfiguration;
			buildSettings = {
				ALWAYS_EMBED_SWIFT_STANDARD_LIBRARIES = YES;
				CODE_SIGN_STYLE = Automatic;
				COMBINE_HIDPI_IMAGES = YES;
				INFOPLIST_FILE = "Tests macOS/Info.plist";
				LD_RUNPATH_SEARCH_PATHS = (
					"$(inherited)",
					"@executable_path/../Frameworks",
					"@loader_path/../Frameworks",
				);
				MACOSX_DEPLOYMENT_TARGET = 11.3;
				PRODUCT_BUNDLE_IDENTIFIER = "xyz.com.Tests-macOS";
				PRODUCT_NAME = "$(TARGET_NAME)";
				SDKROOT = macosx;
				SWIFT_VERSION = 5.0;
				TEST_TARGET_NAME = "TheNews (macOS)";
			};
			name = Release;
		};
/* End XCBuildConfiguration section */

/* Begin XCConfigurationList section */
		41EF4564268B75C2003AF534 /* Build configuration list for PBXProject "TheNews" */ = {
			isa = XCConfigurationList;
			buildConfigurations = (
				41EF4595268B75C5003AF534 /* Debug */,
				41EF4596268B75C5003AF534 /* Release */,
			);
			defaultConfigurationIsVisible = 0;
			defaultConfigurationName = Release;
		};
		41EF4597268B75C5003AF534 /* Build configuration list for PBXNativeTarget "TheNews (iOS)" */ = {
			isa = XCConfigurationList;
			buildConfigurations = (
				41EF4598268B75C5003AF534 /* Debug */,
				41EF4599268B75C5003AF534 /* Release */,
			);
			defaultConfigurationIsVisible = 0;
			defaultConfigurationName = Release;
		};
		41EF459A268B75C5003AF534 /* Build configuration list for PBXNativeTarget "TheNews (macOS)" */ = {
			isa = XCConfigurationList;
			buildConfigurations = (
				41EF459B268B75C5003AF534 /* Debug */,
				41EF459C268B75C5003AF534 /* Release */,
			);
			defaultConfigurationIsVisible = 0;
			defaultConfigurationName = Release;
		};
		41EF459D268B75C5003AF534 /* Build configuration list for PBXNativeTarget "Tests iOS" */ = {
			isa = XCConfigurationList;
			buildConfigurations = (
				41EF459E268B75C5003AF534 /* Debug */,
				41EF459F268B75C5003AF534 /* Release */,
			);
			defaultConfigurationIsVisible = 0;
			defaultConfigurationName = Release;
		};
		41EF45A0268B75C5003AF534 /* Build configuration list for PBXNativeTarget "Tests macOS" */ = {
			isa = XCConfigurationList;
			buildConfigurations = (
				41EF45A1268B75C5003AF534 /* Debug */,
				41EF45A2268B75C5003AF534 /* Release */,
			);
			defaultConfigurationIsVisible = 0;
			defaultConfigurationName = Release;
		};
/* End XCConfigurationList section */
	};
	rootObject = 41EF4561268B75C2003AF534 /* Project object */;
}
